
Microsoft Visual Studio Solution File, Format Version 12.00
# Visual Studio 14
VisualStudioVersion = 14.0.25420.1
MinimumVisualStudioVersion = 10.0.40219.1
Project("{FAE04EC0-301F-11D3-BF4B-00C04F79EFBC}") = "TimeTidy", "TimeTidy\TimeTidy.csproj", "{3E90330A-45A6-490A-9BE3-6A55290B5594}"
EndProject
Project("{FAE04EC0-301F-11D3-BF4B-00C04F79EFBC}") = "TimeTidy.Tests", "TimeTidy.Tests\TimeTidy.Tests.csproj", "{53035A0C-57BB-4122-96F9-8C0BC19F8707}"
EndProject
Global
	GlobalSection(SolutionConfigurationPlatforms) = preSolution
		Debug|Any CPU = Debug|Any CPU
		Godaddy|Any CPU = Godaddy|Any CPU
		Release|Any CPU = Release|Any CPU
	EndGlobalSection
	GlobalSection(ProjectConfigurationPlatforms) = postSolution
		{3E90330A-45A6-490A-9BE3-6A55290B5594}.Debug|Any CPU.ActiveCfg = Debug|Any CPU
		{3E90330A-45A6-490A-9BE3-6A55290B5594}.Debug|Any CPU.Build.0 = Debug|Any CPU
		{3E90330A-45A6-490A-9BE3-6A55290B5594}.Godaddy|Any CPU.ActiveCfg = Godaddy|Any CPU
		{3E90330A-45A6-490A-9BE3-6A55290B5594}.Godaddy|Any CPU.Build.0 = Godaddy|Any CPU
		{3E90330A-45A6-490A-9BE3-6A55290B5594}.Release|Any CPU.ActiveCfg = Release|Any CPU
		{3E90330A-45A6-490A-9BE3-6A55290B5594}.Release|Any CPU.Build.0 = Release|Any CPU
		{53035A0C-57BB-4122-96F9-8C0BC19F8707}.Debug|Any CPU.ActiveCfg = Debug|Any CPU
		{53035A0C-57BB-4122-96F9-8C0BC19F8707}.Debug|Any CPU.Build.0 = Debug|Any CPU
		{53035A0C-57BB-4122-96F9-8C0BC19F8707}.Godaddy|Any CPU.ActiveCfg = Release|Any CPU
		{53035A0C-57BB-4122-96F9-8C0BC19F8707}.Godaddy|Any CPU.Build.0 = Release|Any CPU
		{53035A0C-57BB-4122-96F9-8C0BC19F8707}.Release|Any CPU.ActiveCfg = Release|Any CPU
		{53035A0C-57BB-4122-96F9-8C0BC19F8707}.Release|Any CPU.Build.0 = Release|Any CPU
	EndGlobalSection
	GlobalSection(SolutionProperties) = preSolution
		HideSolutionNode = FALSE
	EndGlobalSection
EndGlobal
